
Microsoft Visual Studio Solution File, Format Version 12.00
# Visual Studio Version 16
VisualStudioVersion = 16.0.30406.217
MinimumVisualStudioVersion = 10.0.40219.1
Project("{FAE04EC0-301F-11D3-BF4B-00C04F79EFBC}") = "letter C", "letter C\letter C.csproj", "{27A05839-4627-4DF2-A1C3-CC3477D49951}"
EndProject
Global
	GlobalSection(SolutionConfigurationPlatforms) = preSolution
		Debug|Any CPU = Debug|Any CPU
		Release|Any CPU = Release|Any CPU
	EndGlobalSection
	GlobalSection(ProjectConfigurationPlatforms) = postSolution
		{27A05839-4627-4DF2-A1C3-CC3477D49951}.Debug|Any CPU.ActiveCfg = Debug|Any CPU
		{27A05839-4627-4DF2-A1C3-CC3477D49951}.Debug|Any CPU.Build.0 = Debug|Any CPU
		{27A05839-4627-4DF2-A1C3-CC3477D49951}.Release|Any CPU.ActiveCfg = Release|Any CPU
		{27A05839-4627-4DF2-A1C3-CC3477D49951}.Release|Any CPU.Build.0 = Release|Any CPU
	EndGlobalSection
	GlobalSection(SolutionProperties) = preSolution
		HideSolutionNode = FALSE
	EndGlobalSection
	GlobalSection(ExtensibilityGlobals) = postSolution
		SolutionGuid = {6BC65EC5-3EE8-486A-B720-856A97A2B540}
	EndGlobalSection
EndGlobal
